hash: 637f9e09e83c2d76c93fc764c8823f591dec98cba473a31285d2a7f6929988d7
updated: 2017-05-23T18:34:00.023197271+09:00
imports:
- name: github.com/mattn/kinako
  version: fbc18625ec69b28ae03b4eea4c349f215840ee09
  subpackages:
  - ast
  - parser
  - vm
- name: github.com/pkg/errors
  version: c605e284fe17294bda444b34710735b29d1a9d90
testImports:
- name: github.com/davecgh/go-spew
  version: 04cdfd42973bb9c8589fd6a731800cf222fde1a9
  subpackages:
  - spew
- name: github.com/pmezard/go-difflib
  version: d8ed2627bdf02c080bf22230dbb337003b7aba2d
  subpackages:
  - difflib
- name: github.com/stretchr/testify
  version: 4d4bfba8f1d1027c4fdbe371823030df51419987
  subpackages:
  - assert
